
Microsoft Visual Studio Solution File, Format Version 12.00
# Visual Studio Version 16
VisualStudioVersion = 16.0.31321.278
MinimumVisualStudioVersion = 10.0.40219.1
Project("{FAE04EC0-301F-11D3-BF4B-00C04F79EFBC}") = "Projekt_II", "Projekt_II\Projekt_II.csproj", "{583B77AD-79E1-451B-8B5B-31ADDE2C4A48}"
EndProject
Global
	GlobalSection(SolutionConfigurationPlatforms) = preSolution
		Debug|Any CPU = Debug|Any CPU
		Release|Any CPU = Release|Any CPU
	EndGlobalSection
	GlobalSection(ProjectConfigurationPlatforms) = postSolution
		{583B77AD-79E1-451B-8B5B-31ADDE2C4A48}.Debug|Any CPU.ActiveCfg = Debug|Any CPU
		{583B77AD-79E1-451B-8B5B-31ADDE2C4A48}.Debug|Any CPU.Build.0 = Debug|Any CPU
		{583B77AD-79E1-451B-8B5B-31ADDE2C4A48}.Release|Any CPU.ActiveCfg = Release|Any CPU
		{583B77AD-79E1-451B-8B5B-31ADDE2C4A48}.Release|Any CPU.Build.0 = Release|Any CPU
	EndGlobalSection
	GlobalSection(SolutionProperties) = preSolution
		HideSolutionNode = FALSE
	EndGlobalSection
	GlobalSection(ExtensibilityGlobals) = postSolution
		SolutionGuid = {8ACB3D39-7378-4776-A45C-86F1F295C0CC}
	EndGlobalSection
EndGlobal
